github.com/kardianos/osext v0.0.0-20190222173326-2bc1f35cddc0 h1:iQTw/8FWTuc7uiaSepXwyf3o52HaUYcV+Tu66S3F5GA=
github.com/kardianos/osext v0.0.0-20190222173326-2bc1f35cddc0/go.mod h1:1NbS8ALrpOvjt0rHPNLyCIeMtbizbir8U//inJ+zuB8=
github.com/mattn/go-sqlite3 v1.14.8 h1:gDp86IdQsN/xWjIEmr9MF6o9mpksUgh0fu+9ByFxzIU=
github.com/mattn/go-sqlite3 v1.14.8/go.mod h1:NyWgC/yNuGj7Q9rpYnZvas74GogHl5/Z4A/KQRfk6bU=
